// !$*UTF8*$!
{
	archiveVersion = 1;
	classes = {
	};
	objectVersion = 50;
	objects = {

/* Begin PBXBuildFile section */
		3D355CB4214F5D7600B546B2 /* AppDelegate.swift in Sources */ = {isa = PBXBuildFile; fileRef = 3D355CB3214F5D7600B546B2 /* AppDelegate.swift */; };
		3D355CB6214F5D7600B546B2 /* art.scnassets in Resources */ = {isa = PBXBuildFile; fileRef = 3D355CB5214F5D7600B546B2 /* art.scnassets */; };
		3D355CB8214F5D7600B546B2 /* PlanetViewerViewController.swift in Sources */ = {isa = PBXBuildFile; fileRef = 3D355CB7214F5D7600B546B2 /* PlanetViewerViewController.swift */; };
		3D355CBB214F5D7600B546B2 /* Main.storyboard in Resources */ = {isa = PBXBuildFile; fileRef = 3D355CB9214F5D7600B546B2 /* Main.storyboard */; };
		3D355CBD214F5D7700B546B2 /* Assets.xcassets in Resources */ = {isa = PBXBuildFile; fileRef = 3D355CBC214F5D7700B546B2 /* Assets.xcassets */; };
		3D355CC0214F5D7700B546B2 /* LaunchScreen.storyboard in Resources */ = {isa = PBXBuildFile; fileRef = 3D355CBE214F5D7700B546B2 /* LaunchScreen.storyboard */; };
		3D355CCA214F5DF500B546B2 /* PlanetSelectorViewController.swift in Sources */ = {isa = PBXBuildFile; fileRef = 3D355CC9214F5DF500B546B2 /* PlanetSelectorViewController.swift */; };
		3D355CCC214F607100B546B2 /* PlanetCell.swift in Sources */ = {isa = PBXBuildFile; fileRef = 3D355CCB214F607100B546B2 /* PlanetCell.swift */; };
/* End PBXBuildFile section */

/* Begin PBXFileReference section */
		3D355CB0214F5D7600B546B2 /* Orbit Seeker.app */ = {isa = PBXFileReference; explicitFileType = wrapper.application; includeInIndex = 0; path = "Orbit Seeker.app"; sourceTree = BUILT_PRODUCTS_DIR; };
		3D355CB3214F5D7600B546B2 /* AppDelegate.swift */ = {isa = PBXFileReference; lastKnownFileType = sourcecode.swift; path = AppDelegate.swift; sourceTree = "<group>"; };
		3D355CB5214F5D7600B546B2 /* art.scnassets */ = {isa = PBXFileReference; lastKnownFileType = wrapper.scnassets; path = art.scnassets; sourceTree = "<group>"; };
		3D355CB7214F5D7600B546B2 /* PlanetViewerViewController.swift */ = {isa = PBXFileReference; lastKnownFileType = sourcecode.swift; path = PlanetViewerViewController.swift; sourceTree = "<group>"; };
		3D355CBA214F5D7600B546B2 /* Base */ = {isa = PBXFileReference; lastKnownFileType = file.storyboard; name = Base; path = Base.lproj/Main.storyboard; sourceTree = "<group>"; };
		3D355CBC214F5D7700B546B2 /* Assets.xcassets */ = {isa = PBXFileReference; lastKnownFileType = folder.assetcatalog; path = Assets.xcassets; sourceTree = "<group>"; };
		3D355CBF214F5D7700B546B2 /* Base */ = {isa = PBXFileReference; lastKnownFileType = file.storyboard; name = Base; path = Base.lproj/LaunchScreen.storyboard; sourceTree = "<group>"; };
		3D355CC1214F5D7700B546B2 /* Info.plist */ = {isa = PBXFileReference; lastKnownFileType = text.plist.xml; path = Info.plist; sourceTree = "<group>"; };
		3D355CC9214F5DF500B546B2 /* PlanetSelectorViewController.swift */ = {isa = PBXFileReference; lastKnownFileType = sourcecode.swift; path = PlanetSelectorViewController.swift; sourceTree = "<group>"; };
		3D355CCB214F607100B546B2 /* PlanetCell.swift */ = {isa = PBXFileReference; lastKnownFileType = sourcecode.swift; path = PlanetCell.swift; sourceTree = "<group>"; };
/* End PBXFileReference section */

/* Begin PBXFrameworksBuildPhase section */
		3D355CAD214F5D7600B546B2 /* Frameworks */ = {
			isa = PBXFrameworksBuildPhase;
			buildActionMask = 2147483647;
			files = (
			);
			runOnlyForDeploymentPostprocessing = 0;
		};
/* End PBXFrameworksBuildPhase section */

/* Begin PBXGroup section */
		3D355CA7214F5D7600B546B2 = {
			isa = PBXGroup;
			children = (
				3D355CB2214F5D7600B546B2 /* Orbit Seeker */,
				3D355CB1214F5D7600B546B2 /* Products */,
			);
			sourceTree = "<group>";
		};
		3D355CB1214F5D7600B546B2 /* Products */ = {
			isa = PBXGroup;
			children = (
				3D355CB0214F5D7600B546B2 /* Orbit Seeker.app */,
			);
			name = Products;
			sourceTree = "<group>";
		};
		3D355CB2214F5D7600B546B2 /* Orbit Seeker */ = {
			isa = PBXGroup;
			children = (
				3D355CB3214F5D7600B546B2 /* AppDelegate.swift */,
				3D355CB7214F5D7600B546B2 /* PlanetViewerViewController.swift */,
				3D355CC9214F5DF500B546B2 /* PlanetSelectorViewController.swift */,
				3D355CB9214F5D7600B546B2 /* Main.storyboard */,
				3D355CBC214F5D7700B546B2 /* Assets.xcassets */,
				3D355CB5214F5D7600B546B2 /* art.scnassets */,
				3D355CBE214F5D7700B546B2 /* LaunchScreen.storyboard */,
				3D355CC1214F5D7700B546B2 /* Info.plist */,
				3D355CCB214F607100B546B2 /* PlanetCell.swift */,
			);
			path = "Orbit Seeker";
			sourceTree = "<group>";
		};
/* End PBXGroup section */

/* Begin PBXNativeTarget section */
		3D355CAF214F5D7600B546B2 /* Orbit Seeker */ = {
			isa = PBXNativeTarget;
			buildConfigurationList = 3D355CC4214F5D7700B546B2 /* Build configuration list for PBXNativeTarget "Orbit Seeker" */;
			buildPhases = (
				3D355CAC214F5D7600B546B2 /* Sources */,
				3D355CAD214F5D7600B546B2 /* Frameworks */,
				3D355CAE214F5D7600B546B2 /* Resources */,
			);
			buildRules = (
			);
			dependencies = (
			);
			name = "Orbit Seeker";
			productName = "Orbit Seeker";
			productReference = 3D355CB0214F5D7600B546B2 /* Orbit Seeker.app */;
			productType = "com.apple.product-type.application";
		};
/* End PBXNativeTarget section */

/* Begin PBXProject section */
		3D355CA8214F5D7600B546B2 /* Project object */ = {
			isa = PBXProject;
			attributes = {
				LastSwiftUpdateCheck = 1000;
				LastUpgradeCheck = 1000;
				ORGANIZATIONNAME = "Sako Hovaguimian";
				TargetAttributes = {
					3D355CAF214F5D7600B546B2 = {
						CreatedOnToolsVersion = 10.0;
					};
				};
			};
			buildConfigurationList = 3D355CAB214F5D7600B546B2 /* Build configuration list for PBXProject "Orbit Seeker" */;
			compatibilityVersion = "Xcode 9.3";
			developmentRegion = en;
			hasScannedForEncodings = 0;
			knownRegions = (
				en,
				Base,
			);
			mainGroup = 3D355CA7214F5D7600B546B2;
			productRefGroup = 3D355CB1214F5D7600B546B2 /* Products */;
			projectDirPath = "";
			projectRoot = "";
			targets = (
				3D355CAF214F5D7600B546B2 /* Orbit Seeker */,
			);
		};
/* End PBXProject section */

/* Begin PBXResourcesBuildPhase section */
		3D355CAE214F5D7600B546B2 /* Resources */ = {
			isa = PBXResourcesBuildPhase;
			buildActionMask = 2147483647;
			files = (
				3D355CB6214F5D7600B546B2 /* art.scnassets in Resources */,
				3D355CC0214F5D7700B546B2 /* LaunchScreen.storyboard in Resources */,
				3D355CBD214F5D7700B546B2 /* Assets.xcassets in Resources */,
				3D355CBB214F5D7600B546B2 /* Main.storyboard in Resources */,
			);
			runOnlyForDeploymentPostprocessing = 0;
		};
/* End PBXResourcesBuildPhase section */

/* Begin PBXSourcesBuildPhase section */
		3D355CAC214F5D7600B546B2 /* Sources */ = {
			isa = PBXSourcesBuildPhase;
			buildActionMask = 2147483647;
			files = (
				3D355CB8214F5D7600B546B2 /* PlanetViewerViewController.swift in Sources */,
				3D355CCA214F5DF500B546B2 /* PlanetSelectorViewController.swift in Sources */,
				3D355CB4214F5D7600B546B2 /* AppDelegate.swift in Sources */,
				3D355CCC214F607100B546B2 /* PlanetCell.swift in Sources */,
			);
			runOnlyForDeploymentPostprocessing = 0;
		};
/* End PBXSourcesBuildPhase section */

/* Begin PBXVariantGroup section */
		3D355CB9214F5D7600B546B2 /* Main.storyboard */ = {
			isa = PBXVariantGroup;
			children = (
				3D355CBA214F5D7600B546B2 /* Base */,
			);
			name = Main.storyboard;
			sourceTree = "<group>";
		};
		3D355CBE214F5D7700B546B2 /* LaunchScreen.storyboard */ = {
			isa = PBXVariantGroup;
			children = (
				3D355CBF214F5D7700B546B2 /* Base */,
			);
			name = LaunchScreen.storyboard;
			sourceTree = "<group>";
		};
/* End PBXVariantGroup section */

/* Begin XCBuildConfiguration section */
		3D355CC2214F5D7700B546B2 /* Debug */ = {
			isa = XCBuildConfiguration;
			buildSettings = {
				ALWAYS_SEARCH_USER_PATHS = NO;
				CLANG_ANALYZER_NONNULL = YES;
				CLANG_ANALYZER_NUMBER_OBJECT_CONVERSION = YES_AGGRESSIVE;
				CLANG_CXX_LANGUAGE_STANDARD = "gnu++14";
				CLANG_CXX_LIBRARY = "libc++";
				CLANG_ENABLE_MODULES = YES;
				CLANG_ENABLE_OBJC_ARC = YES;
				CLANG_ENABLE_OBJC_WEAK = YES;
				CLANG_WARN_BLOCK_CAPTURE_AUTORELEASING = YES;
				CLANG_WARN_BOOL_CONVERSION = YES;
				CLANG_WARN_COMMA = YES;
				CLANG_WARN_CONSTANT_CONVERSION = YES;
				CLANG_WARN_DEPRECATED_OBJC_IMPLEMENTATIONS = YES;
				CLANG_WARN_DIRECT_OBJC_ISA_USAGE = YES_ERROR;
				CLANG_WARN_DOCUMENTATION_COMMENTS = YES;
				CLANG_WARN_EMPTY_BODY = YES;
				CLANG_WARN_ENUM_CONVERSION = YES;
				CLANG_WARN_INFINITE_RECURSION = YES;
				CLANG_WARN_INT_CONVERSION = YES;
				CLANG_WARN_NON_LITERAL_NULL_CONVERSION = YES;
				CLANG_WARN_OBJC_IMPLICIT_RETAIN_SELF = YES;
				CLANG_WARN_OBJC_LITERAL_CONVERSION = YES;
				CLANG_WARN_OBJC_ROOT_CLASS = YES_ERROR;
				CLANG_WARN_RANGE_LOOP_ANALYSIS = YES;
				CLANG_WARN_STRICT_PROTOTYPES = YES;
				CLANG_WARN_SUSPICIOUS_MOVE = YES;
				CLANG_WARN_UNGUARDED_AVAILABILITY = YES_AGGRESSIVE;
				CLANG_WARN_UNREACHABLE_CODE = YES;
				CLANG_WARN__DUPLICATE_METHOD_MATCH = YES;
				CODE_SIGN_IDENTITY = "iPhone Developer";
				COPY_PHASE_STRIP = NO;
				DEBUG_INFORMATION_FORMAT = dwarf;
				ENABLE_STRICT_OBJC_MSGSEND = YES;
				ENABLE_TESTABILITY = YES;
				GCC_C_LANGUAGE_STANDARD = gnu11;
				GCC_DYNAMIC_NO_PIC = NO;
				GCC_NO_COMMON_BLOCKS = YES;
				GCC_OPTIMIZATION_LEVEL = 0;
				GCC_PREPROCESSOR_DEFINITIONS = (
					"DEBUG=1",
					"$(inherited)",
				);
				GCC_WARN_64_TO_32_BIT_CONVERSION = YES;
				GCC_WARN_ABOUT_RETURN_TYPE = YES_ERROR;
				GCC_WARN_UNDECLARED_SELECTOR = YES;
				GCC_WARN_UNINITIALIZED_AUTOS = YES_AGGRESSIVE;
				GCC_WARN_UNUSED_FUNCTION = YES;
				GCC_WARN_UNUSED_VARIABLE = YES;
				IPHONEOS_DEPLOYMENT_TARGET = 12.0;
				MTL_ENABLE_DEBUG_INFO = INCLUDE_SOURCE;
				MTL_FAST_MATH = YES;
				ONLY_ACTIVE_ARCH = YES;
				SDKROOT = iphoneos;
				SWIFT_ACTIVE_COMPILATION_CONDITIONS = DEBUG;
				SWIFT_OPTIMIZATION_LEVEL = "-Onone";
			};
			name = Debug;
		};
		3D355CC3214F5D7700B546B2 /* Release */ = {
			isa = XCBuildConfiguration;
			buildSettings = {
				ALWAYS_SEARCH_USER_PATHS = NO;
				CLANG_ANALYZER_NONNULL = YES;
				CLANG_ANALYZER_NUMBER_OBJECT_CONVERSION = YES_AGGRESSIVE;
				CLANG_CXX_LANGUAGE_STANDARD = "gnu++14";
				CLANG_CXX_LIBRARY = "libc++";
				CLANG_ENABLE_MODULES = YES;
				CLANG_ENABLE_OBJC_ARC = YES;
				CLANG_ENABLE_OBJC_WEAK = YES;
				CLANG_WARN_BLOCK_CAPTURE_AUTORELEASING = YES;
				CLANG_WARN_BOOL_CONVERSION = YES;
				CLANG_WARN_COMMA = YES;
				CLANG_WARN_CONSTANT_CONVERSION = YES;
				CLANG_WARN_DEPRECATED_OBJC_IMPLEMENTATIONS = YES;
				CLANG_WARN_DIRECT_OBJC_ISA_USAGE = YES_ERROR;
				CLANG_WARN_DOCUMENTATION_COMMENTS = YES;
				CLANG_WARN_EMPTY_BODY = YES;
				CLANG_WARN_ENUM_CONVERSION = YES;
				CLANG_WARN_INFINITE_RECURSION = YES;
				CLANG_WARN_INT_CONVERSION = YES;
				CLANG_WARN_NON_LITERAL_NULL_CONVERSION = YES;
				CLANG_WARN_OBJC_IMPLICIT_RETAIN_SELF = YES;
				CLANG_WARN_OBJC_LITERAL_CONVERSION = YES;
				CLANG_WARN_OBJC_ROOT_CLASS = YES_ERROR;
				CLANG_WARN_RANGE_LOOP_ANALYSIS = YES;
				CLANG_WARN_STRICT_PROTOTYPES = YES;
				CLANG_WARN_SUSPICIOUS_MOVE = YES;
				CLANG_WARN_UNGUARDED_AVAILABILITY = YES_AGGRESSIVE;
				CLANG_WARN_UNREACHABLE_CODE = YES;
				CLANG_WARN__DUPLICATE_METHOD_MATCH = YES;
				CODE_SIGN_IDENTITY = "iPhone Developer";
				COPY_PHASE_STRIP = NO;
				DEBUG_INFORMATION_FORMAT = "dwarf-with-dsym";
				ENABLE_NS_ASSERTIONS = NO;
				ENABLE_STRICT_OBJC_MSGSEND = YES;
				GCC_C_LANGUAGE_STANDARD = gnu11;
				GCC_NO_COMMON_BLOCKS = YES;
				GCC_WARN_64_TO_32_BIT_CONVERSION = YES;
				GCC_WARN_ABOUT_RETURN_TYPE = YES_ERROR;
				GCC_WARN_UNDECLARED_SELECTOR = YES;
				GCC_WARN_UNINITIALIZED_AUTOS = YES_AGGRESSIVE;
				GCC_WARN_UNUSED_FUNCTION = YES;
				GCC_WARN_UNUSED_VARIABLE = YES;
				IPHONEOS_DEPLOYMENT_TARGET = 12.0;
				MTL_ENABLE_DEBUG_INFO = NO;
				MTL_FAST_MATH = YES;
				SDKROOT = iphoneos;
				SWIFT_COMPILATION_MODE = wholemodule;
				SWIFT_OPTIMIZATION_LEVEL = "-O";
				VALIDATE_PRODUCT = YES;
			};
			name = Release;
		};
		3D355CC5214F5D7700B546B2 /* Debug */ = {
			isa = XCBuildConfiguration;
			buildSettings = {
				ASSETCATALOG_COMPILER_APPICON_NAME = AppIcon;
				CODE_SIGN_STYLE = Automatic;
				DEVELOPMENT_TEAM = QNK29NH27H;
				INFOPLIST_FILE = "Orbit Seeker/Info.plist";
				LD_RUNPATH_SEARCH_PATHS = (
					"$(inherited)",
					"@executable_path/Frameworks",
				);
				PRODUCT_BUNDLE_IDENTIFIER = "com.sakohovaguimian.Orbit-Seeker";
				PRODUCT_NAME = "$(TARGET_NAME)";
				SWIFT_VERSION = 4.2;
				TARGETED_DEVICE_FAMILY = "1,2";
			};
			name = Debug;
		};
		3D355CC6214F5D7700B546B2 /* Release */ = {
			isa = XCBuildConfiguration;
			buildSettings = {
				ASSETCATALOG_COMPILER_APPICON_NAME = AppIcon;
				CODE_SIGN_STYLE = Automatic;
				DEVELOPMENT_TEAM = QNK29NH27H;
				INFOPLIST_FILE = "Orbit Seeker/Info.plist";
				LD_RUNPATH_SEARCH_PATHS = (
					"$(inherited)",
					"@executable_path/Frameworks",
				);
				PRODUCT_BUNDLE_IDENTIFIER = "com.sakohovaguimian.Orbit-Seeker";
				PRODUCT_NAME = "$(TARGET_NAME)";
				SWIFT_VERSION = 4.2;
				TARGETED_DEVICE_FAMILY = "1,2";
			};
			name = Release;
		};
/* End XCBuildConfiguration section */

/* Begin XCConfigurationList section */
		3D355CAB214F5D7600B546B2 /* Build configuration list for PBXProject "Orbit Seeker" */ = {
			isa = XCConfigurationList;
			buildConfigurations = (
				3D355CC2214F5D7700B546B2 /* Debug */,
				3D355CC3214F5D7700B546B2 /* Release */,
			);
			defaultConfigurationIsVisible = 0;
			defaultConfigurationName = Release;
		};
		3D355CC4214F5D7700B546B2 /* Build configuration list for PBXNativeTarget "Orbit Seeker" */ = {
			isa = XCConfigurationList;
			buildConfigurations = (
				3D355CC5214F5D7700B546B2 /* Debug */,
				3D355CC6214F5D7700B546B2 /* Release */,
			);
			defaultConfigurationIsVisible = 0;
			defaultConfigurationName = Release;
		};
/* End XCConfigurationList section */
	};
	rootObject = 3D355CA8214F5D7600B546B2 /* Project object */;
}
